
Microsoft Visual Studio Solution File, Format Version 12.00
# Visual Studio Version 17
VisualStudioVersion = 17.5.002.0
MinimumVisualStudioVersion = 10.0.40219.1
Project("{9A19103F-16F7-4668-BE54-9A1E7A4F7556}") = "api", "api.csproj", "{FB7109AB-0C4B-42E7-8A99-5DED9ED5F1FA}"
EndProject
Global
	GlobalSection(SolutionConfigurationPlatforms) = preSolution
		Debug|Any CPU = Debug|Any CPU
		Release|Any CPU = Release|Any CPU
	EndGlobalSection
	GlobalSection(ProjectConfigurationPlatforms) = postSolution
		{FB7109AB-0C4B-42E7-8A99-5DED9ED5F1FA}.Debug|Any CPU.ActiveCfg = Debug|Any CPU
		{FB7109AB-0C4B-42E7-8A99-5DED9ED5F1FA}.Debug|Any CPU.Build.0 = Debug|Any CPU
		{FB7109AB-0C4B-42E7-8A99-5DED9ED5F1FA}.Release|Any CPU.ActiveCfg = Release|Any CPU
		{FB7109AB-0C4B-42E7-8A99-5DED9ED5F1FA}.Release|Any CPU.Build.0 = Release|Any CPU
	EndGlobalSection
	GlobalSection(SolutionProperties) = preSolution
		HideSolutionNode = FALSE
	EndGlobalSection
	GlobalSection(ExtensibilityGlobals) = postSolution
		SolutionGuid = {74A97226-E93C-4FA5-B7C2-7A9D6A817F41}
	EndGlobalSection
EndGlobal
